
Microsoft Visual Studio Solution File, Format Version 12.00
# Visual Studio Version 17
VisualStudioVersion = 17.5.002.0
MinimumVisualStudioVersion = 10.0.40219.1
Project("{9A19103F-16F7-4668-BE54-9A1E7A4F7556}") = "Haikai", "Haikai.csproj", "{2718CCA8-C9B9-44F6-89F2-2580F32AE97D}"
EndProject
Global
	GlobalSection(SolutionConfigurationPlatforms) = preSolution
		Debug|Any CPU = Debug|Any CPU
		Release|Any CPU = Release|Any CPU
	EndGlobalSection
	GlobalSection(ProjectConfigurationPlatforms) = postSolution
		{2718CCA8-C9B9-44F6-89F2-2580F32AE97D}.Debug|Any CPU.ActiveCfg = Debug|Any CPU
		{2718CCA8-C9B9-44F6-89F2-2580F32AE97D}.Debug|Any CPU.Build.0 = Debug|Any CPU
		{2718CCA8-C9B9-44F6-89F2-2580F32AE97D}.Release|Any CPU.ActiveCfg = Release|Any CPU
		{2718CCA8-C9B9-44F6-89F2-2580F32AE97D}.Release|Any CPU.Build.0 = Release|Any CPU
	EndGlobalSection
	GlobalSection(SolutionProperties) = preSolution
		HideSolutionNode = FALSE
	EndGlobalSection
	GlobalSection(ExtensibilityGlobals) = postSolution
		SolutionGuid = {2318EE60-BDCD-4A05-8D56-5C16A148331E}
	EndGlobalSection
EndGlobal
